
Microsoft Visual Studio Solution File, Format Version 12.00
# Visual Studio Version 17
VisualStudioVersion = 17.5.33424.131
MinimumVisualStudioVersion = 10.0.40219.1
Project("{FAE04EC0-301F-11D3-BF4B-00C04F79EFBC}") = "AsyncAwait", "AsyncAwait\AsyncAwait.csproj", "{29DA9F30-2F3D-4BFA-ABB5-4C5BEAE62EA8}"
EndProject
Global
	GlobalSection(SolutionConfigurationPlatforms) = preSolution
		Debug|Any CPU = Debug|Any CPU
		Release|Any CPU = Release|Any CPU
	EndGlobalSection
	GlobalSection(ProjectConfigurationPlatforms) = postSolution
		{29DA9F30-2F3D-4BFA-ABB5-4C5BEAE62EA8}.Debug|Any CPU.ActiveCfg = Debug|Any CPU
		{29DA9F30-2F3D-4BFA-ABB5-4C5BEAE62EA8}.Debug|Any CPU.Build.0 = Debug|Any CPU
		{29DA9F30-2F3D-4BFA-ABB5-4C5BEAE62EA8}.Release|Any CPU.ActiveCfg = Release|Any CPU
		{29DA9F30-2F3D-4BFA-ABB5-4C5BEAE62EA8}.Release|Any CPU.Build.0 = Release|Any CPU
	EndGlobalSection
	GlobalSection(SolutionProperties) = preSolution
		HideSolutionNode = FALSE
	EndGlobalSection
	GlobalSection(ExtensibilityGlobals) = postSolution
		SolutionGuid = {090AB80F-61E3-4612-9403-17F95A01AAE7}
	EndGlobalSection
EndGlobal
