
Microsoft Visual Studio Solution File, Format Version 12.00
# Visual Studio Version 17
VisualStudioVersion = 17.5.33424.131
MinimumVisualStudioVersion = 10.0.40219.1
Project("{FAE04EC0-301F-11D3-BF4B-00C04F79EFBC}") = "Lambda", "Lambda\Lambda.csproj", "{6FF992F6-1C91-4F66-859C-38A50A90B6E3}"
EndProject
Global
	GlobalSection(SolutionConfigurationPlatforms) = preSolution
		Debug|Any CPU = Debug|Any CPU
		Release|Any CPU = Release|Any CPU
	EndGlobalSection
	GlobalSection(ProjectConfigurationPlatforms) = postSolution
		{6FF992F6-1C91-4F66-859C-38A50A90B6E3}.Debug|Any CPU.ActiveCfg = Debug|Any CPU
		{6FF992F6-1C91-4F66-859C-38A50A90B6E3}.Debug|Any CPU.Build.0 = Debug|Any CPU
		{6FF992F6-1C91-4F66-859C-38A50A90B6E3}.Release|Any CPU.ActiveCfg = Release|Any CPU
		{6FF992F6-1C91-4F66-859C-38A50A90B6E3}.Release|Any CPU.Build.0 = Release|Any CPU
	EndGlobalSection
	GlobalSection(SolutionProperties) = preSolution
		HideSolutionNode = FALSE
	EndGlobalSection
	GlobalSection(ExtensibilityGlobals) = postSolution
		SolutionGuid = {7DBFF4F0-C40C-48EB-B9BB-753510C6204C}
	EndGlobalSection
EndGlobal
